
Microsoft Visual Studio Solution File, Format Version 12.00
# Visual Studio Version 16
VisualStudioVersion = 16.0.33927.289
MinimumVisualStudioVersion = 10.0.40219.1
Project("{FAE04EC0-301F-11D3-BF4B-00C04F79EFBC}") = "DumpViewer", "DumpViewer\DumpViewer.csproj", "{32742C8C-8AC9-4CC9-A4CF-F4850653E0F4}"
EndProject
Global
	GlobalSection(SolutionConfigurationPlatforms) = preSolution
		Debug|Any CPU = Debug|Any CPU
		Release|Any CPU = Release|Any CPU
	EndGlobalSection
	GlobalSection(ProjectConfigurationPlatforms) = postSolution
		{32742C8C-8AC9-4CC9-A4CF-F4850653E0F4}.Debug|Any CPU.ActiveCfg = Debug|Any CPU
		{32742C8C-8AC9-4CC9-A4CF-F4850653E0F4}.Debug|Any CPU.Build.0 = Debug|Any CPU
		{32742C8C-8AC9-4CC9-A4CF-F4850653E0F4}.Release|Any CPU.ActiveCfg = Release|Any CPU
		{32742C8C-8AC9-4CC9-A4CF-F4850653E0F4}.Release|Any CPU.Build.0 = Release|Any CPU
	EndGlobalSection
	GlobalSection(SolutionProperties) = preSolution
		HideSolutionNode = FALSE
	EndGlobalSection
	GlobalSection(ExtensibilityGlobals) = postSolution
		SolutionGuid = {2EA5B8D0-AF8E-4173-8B7D-0CF337F19A10}
	EndGlobalSection
EndGlobal
